{
  "requires": true,
  "lockfileVersion": 1,
  "dependencies": {
    "big-integer": {
      "version": "1.6.40",
      "resolved": "https://registry.npmjs.org/big-integer/-/big-integer-1.6.40.tgz",
      "integrity": "sha512-CjhtJp0BViLzP1ZkEnoywjgtFQXS2pomKjAJtIISTCnuHILkLcAXLdFLG/nxsHc4s9kJfc+82Xpg8WNyhfACzQ=="
    }
  }
}
